github.com/golang/protobuf v1.3.1 h1:YF8+flBXS5eO826T4nzqPrxfhQThhXl0YzfuUPu4SBg=
github.com/golang/protobuf v1.3.1/go.mod h1:6lQm79b+lXiMfvg/cZm0SGofjICqVBUtrP5yJMmIC1U=
github.com/iu0jgo/go-openal v0.0.0-20240903224534-a1fb44d669e1 h1:TQ9Qgs//0c8Oy1RdSCBlY3gdwiydIKUdRJsvOslLOgE=
github.com/iu0jgo/go-openal v0.0.0-20240903224534-a1fb44d669e1/go.mod h1:of0uCkzEAwtAPHKA8+PzdO9JYKO0E6K0hahz9ebIANo=
github.com/iu0jgo/gopus v0.0.0-20240903223416-47267cfc2038 h1:3MZ5HUkCkVcrm/ge/bM8aPYg9D0uYRNQIzHbB5bcaKY=
github.com/iu0jgo/gopus v0.0.0-20240903223416-47267cfc2038/go.mod h1:UaZ5yJi4lj13BjMR38pTp9Id8lDrUhNcb4MGiVUyPNc=
